
Microsoft Visual Studio Solution File, Format Version 12.00
# Visual Studio Version 17
VisualStudioVersion = 17.7.34031.279
MinimumVisualStudioVersion = 10.0.40219.1
Project("{9A19103F-16F7-4668-BE54-9A1E7A4F7556}") = "Profitabilitaet", "Profitabilitaet\Profitabilitaet.csproj", "{280E8D21-167C-46B3-9E53-51FA628F0CDA}"
EndProject
Global
	GlobalSection(SolutionConfigurationPlatforms) = preSolution
		Debug|Any CPU = Debug|Any CPU
		Release|Any CPU = Release|Any CPU
	EndGlobalSection
	GlobalSection(ProjectConfigurationPlatforms) = postSolution
		{280E8D21-167C-46B3-9E53-51FA628F0CDA}.Debug|Any CPU.ActiveCfg = Debug|Any CPU
		{280E8D21-167C-46B3-9E53-51FA628F0CDA}.Debug|Any CPU.Build.0 = Debug|Any CPU
		{280E8D21-167C-46B3-9E53-51FA628F0CDA}.Release|Any CPU.ActiveCfg = Release|Any CPU
		{280E8D21-167C-46B3-9E53-51FA628F0CDA}.Release|Any CPU.Build.0 = Release|Any CPU
	EndGlobalSection
	GlobalSection(SolutionProperties) = preSolution
		HideSolutionNode = FALSE
	EndGlobalSection
	GlobalSection(ExtensibilityGlobals) = postSolution
		SolutionGuid = {D546A216-FF5A-4C92-BF3E-123329A516C1}
	EndGlobalSection
EndGlobal
